
Microsoft Visual Studio Solution File, Format Version 12.00
Project("{FAE04EC0-301F-11D3-BF4B-00C04F79EFBC}") = "Cola", "Cola\Cola.csproj", "{1DB02322-C96E-4FB3-A282-1AE39DD5943C}"
EndProject
Global
	GlobalSection(SolutionConfigurationPlatforms) = preSolution
		Debug|Any CPU = Debug|Any CPU
		Release|Any CPU = Release|Any CPU
	EndGlobalSection
	GlobalSection(ProjectConfigurationPlatforms) = postSolution
		{1DB02322-C96E-4FB3-A282-1AE39DD5943C}.Debug|Any CPU.ActiveCfg = Debug|Any CPU
		{1DB02322-C96E-4FB3-A282-1AE39DD5943C}.Debug|Any CPU.Build.0 = Debug|Any CPU
		{1DB02322-C96E-4FB3-A282-1AE39DD5943C}.Release|Any CPU.ActiveCfg = Release|Any CPU
		{1DB02322-C96E-4FB3-A282-1AE39DD5943C}.Release|Any CPU.Build.0 = Release|Any CPU
	EndGlobalSection
EndGlobal
